// !$*UTF8*$!
{
	archiveVersion = 1;
	classes = {
	};
	objectVersion = 50;
	objects = {

/* Begin PBXBuildFile section */
		2A0411F823894272006FB17E /* diamond-static@3x.png in Resources */ = {isa = PBXBuildFile; fileRef = 2A0411EF23894272006FB17E /* diamond-static@3x.png */; };
		2A0411F923894272006FB17E /* feather-static@3x.png in Resources */ = {isa = PBXBuildFile; fileRef = 2A0411F023894272006FB17E /* feather-static@3x.png */; };
		2A0411FA23894272006FB17E /* feather-static.png in Resources */ = {isa = PBXBuildFile; fileRef = 2A0411F123894272006FB17E /* feather-static.png */; };
		2A0411FB23894272006FB17E /* feather-static@2x.png in Resources */ = {isa = PBXBuildFile; fileRef = 2A0411F223894272006FB17E /* feather-static@2x.png */; };
		2A0411FC23894272006FB17E /* diamond-static@2x.png in Resources */ = {isa = PBXBuildFile; fileRef = 2A0411F323894272006FB17E /* diamond-static@2x.png */; };
		2A0411FD23894272006FB17E /* diamond-static.png in Resources */ = {isa = PBXBuildFile; fileRef = 2A0411F423894272006FB17E /* diamond-static.png */; };
		2A0411FE23894272006FB17E /* butterfly-static@3x.png in Resources */ = {isa = PBXBuildFile; fileRef = 2A0411F523894272006FB17E /* butterfly-static@3x.png */; };
		2A0411FF23894272006FB17E /* butterfly-static@2x.png in Resources */ = {isa = PBXBuildFile; fileRef = 2A0411F623894272006FB17E /* butterfly-static@2x.png */; };
		2A04120023894272006FB17E /* butterfly-static.png in Resources */ = {isa = PBXBuildFile; fileRef = 2A0411F723894272006FB17E /* butterfly-static.png */; };
		2AF78B9B235B1FE2005BEDAD /* AppDelegate.swift in Sources */ = {isa = PBXBuildFile; fileRef = 2AF78B9A235B1FE2005BEDAD /* AppDelegate.swift */; };
		2AF78B9D235B1FE2005BEDAD /* ViewController.swift in Sources */ = {isa = PBXBuildFile; fileRef = 2AF78B9C235B1FE2005BEDAD /* ViewController.swift */; };
		2AF78BA0235B1FE2005BEDAD /* Main.storyboard in Resources */ = {isa = PBXBuildFile; fileRef = 2AF78B9E235B1FE2005BEDAD /* Main.storyboard */; };
		2AF78BA2235B1FE3005BEDAD /* Assets.xcassets in Resources */ = {isa = PBXBuildFile; fileRef = 2AF78BA1235B1FE3005BEDAD /* Assets.xcassets */; };
		2AF78BA5235B1FE3005BEDAD /* LaunchScreen.storyboard in Resources */ = {isa = PBXBuildFile; fileRef = 2AF78BA3235B1FE3005BEDAD /* LaunchScreen.storyboard */; };
		2AF78BB0235B1FE3005BEDAD /* MapAppTests.swift in Sources */ = {isa = PBXBuildFile; fileRef = 2AF78BAF235B1FE3005BEDAD /* MapAppTests.swift */; };
		2AF78BBB235B1FE3005BEDAD /* MapAppUITests.swift in Sources */ = {isa = PBXBuildFile; fileRef = 2AF78BBA235B1FE3005BEDAD /* MapAppUITests.swift */; };
		CA6BE6C1865005C24B9FDDFC /* Pods_MapApp.framework in Frameworks */ = {isa = PBXBuildFile; fileRef = 9D07394DE07A2F503AD775C5 /* Pods_MapApp.framework */; };
/* End PBXBuildFile section */

/* Begin PBXContainerItemProxy section */
		2AF78BAC235B1FE3005BEDAD /* PBXContainerItemProxy */ = {
			isa = PBXContainerItemProxy;
			containerPortal = 2AF78B8F235B1FE2005BEDAD /* Project object */;
			proxyType = 1;
			remoteGlobalIDString = 2AF78B96235B1FE2005BEDAD;
			remoteInfo = MapApp;
		};
		2AF78BB7235B1FE3005BEDAD /* PBXContainerItemProxy */ = {
			isa = PBXContainerItemProxy;
			containerPortal = 2AF78B8F235B1FE2005BEDAD /* Project object */;
			proxyType = 1;
			remoteGlobalIDString = 2AF78B96235B1FE2005BEDAD;
			remoteInfo = MapApp;
		};
/* End PBXContainerItemProxy section */

/* Begin PBXFileReference section */
		2A0411EF23894272006FB17E /* diamond-static@3x.png */ = {isa = PBXFileReference; lastKnownFileType = image.png; path = "diamond-static@3x.png"; sourceTree = "<group>"; };
		2A0411F023894272006FB17E /* feather-static@3x.png */ = {isa = PBXFileReference; lastKnownFileType = image.png; path = "feather-static@3x.png"; sourceTree = "<group>"; };
		2A0411F123894272006FB17E /* feather-static.png */ = {isa = PBXFileReference; lastKnownFileType = image.png; path = "feather-static.png"; sourceTree = "<group>"; };
		2A0411F223894272006FB17E /* feather-static@2x.png */ = {isa = PBXFileReference; lastKnownFileType = image.png; path = "feather-static@2x.png"; sourceTree = "<group>"; };
		2A0411F323894272006FB17E /* diamond-static@2x.png */ = {isa = PBXFileReference; lastKnownFileType = image.png; path = "diamond-static@2x.png"; sourceTree = "<group>"; };
		2A0411F423894272006FB17E /* diamond-static.png */ = {isa = PBXFileReference; lastKnownFileType = image.png; path = "diamond-static.png"; sourceTree = "<group>"; };
		2A0411F523894272006FB17E /* butterfly-static@3x.png */ = {isa = PBXFileReference; lastKnownFileType = image.png; path = "butterfly-static@3x.png"; sourceTree = "<group>"; };
		2A0411F623894272006FB17E /* butterfly-static@2x.png */ = {isa = PBXFileReference; lastKnownFileType = image.png; path = "butterfly-static@2x.png"; sourceTree = "<group>"; };
		2A0411F723894272006FB17E /* butterfly-static.png */ = {isa = PBXFileReference; lastKnownFileType = image.png; path = "butterfly-static.png"; sourceTree = "<group>"; };
		2AF78B97235B1FE2005BEDAD /* MapApp.app */ = {isa = PBXFileReference; explicitFileType = wrapper.application; includeInIndex = 0; path = MapApp.app; sourceTree = BUILT_PRODUCTS_DIR; };
		2AF78B9A235B1FE2005BEDAD /* AppDelegate.swift */ = {isa = PBXFileReference; lastKnownFileType = sourcecode.swift; path = AppDelegate.swift; sourceTree = "<group>"; };
		2AF78B9C235B1FE2005BEDAD /* ViewController.swift */ = {isa = PBXFileReference; lastKnownFileType = sourcecode.swift; path = ViewController.swift; sourceTree = "<group>"; };
		2AF78B9F235B1FE2005BEDAD /* Base */ = {isa = PBXFileReference; lastKnownFileType = file.storyboard; name = Base; path = Base.lproj/Main.storyboard; sourceTree = "<group>"; };
		2AF78BA1235B1FE3005BEDAD /* Assets.xcassets */ = {isa = PBXFileReference; lastKnownFileType = folder.assetcatalog; path = Assets.xcassets; sourceTree = "<group>"; };
		2AF78BA4235B1FE3005BEDAD /* Base */ = {isa = PBXFileReference; lastKnownFileType = file.storyboard; name = Base; path = Base.lproj/LaunchScreen.storyboard; sourceTree = "<group>"; };
		2AF78BA6235B1FE3005BEDAD /* Info.plist */ = {isa = PBXFileReference; lastKnownFileType = text.plist.xml; path = Info.plist; sourceTree = "<group>"; };
		2AF78BAB235B1FE3005BEDAD /* MapAppTests.xctest */ = {isa = PBXFileReference; explicitFileType = wrapper.cfbundle; includeInIndex = 0; path = MapAppTests.xctest; sourceTree = BUILT_PRODUCTS_DIR; };
		2AF78BAF235B1FE3005BEDAD /* MapAppTests.swift */ = {isa = PBXFileReference; lastKnownFileType = sourcecode.swift; path = MapAppTests.swift; sourceTree = "<group>"; };
		2AF78BB1235B1FE3005BEDAD /* Info.plist */ = {isa = PBXFileReference; lastKnownFileType = text.plist.xml; path = Info.plist; sourceTree = "<group>"; };
		2AF78BB6235B1FE3005BEDAD /* MapAppUITests.xctest */ = {isa = PBXFileReference; explicitFileType = wrapper.cfbundle; includeInIndex = 0; path = MapAppUITests.xctest; sourceTree = BUILT_PRODUCTS_DIR; };
		2AF78BBA235B1FE3005BEDAD /* MapAppUITests.swift */ = {isa = PBXFileReference; lastKnownFileType = sourcecode.swift; path = MapAppUITests.swift; sourceTree = "<group>"; };
		2AF78BBC235B1FE3005BEDAD /* Info.plist */ = {isa = PBXFileReference; lastKnownFileType = text.plist.xml; path = Info.plist; sourceTree = "<group>"; };
		64DCA2AEAA1F83968D18010F /* Pods-MapApp.release.xcconfig */ = {isa = PBXFileReference; includeInIndex = 1; lastKnownFileType = text.xcconfig; name = "Pods-MapApp.release.xcconfig"; path = "Pods/Target Support Files/Pods-MapApp/Pods-MapApp.release.xcconfig"; sourceTree = "<group>"; };
		9D07394DE07A2F503AD775C5 /* Pods_MapApp.framework */ = {isa = PBXFileReference; explicitFileType = wrapper.framework; includeInIndex = 0; path = Pods_MapApp.framework; sourceTree = BUILT_PRODUCTS_DIR; };
		FE1B44BEC54F6E45B0D91FDE /* Pods-MapApp.debug.xcconfig */ = {isa = PBXFileReference; includeInIndex = 1; lastKnownFileType = text.xcconfig; name = "Pods-MapApp.debug.xcconfig"; path = "Pods/Target Support Files/Pods-MapApp/Pods-MapApp.debug.xcconfig"; sourceTree = "<group>"; };
/* End PBXFileReference section */

/* Begin PBXFrameworksBuildPhase section */
		2AF78B94235B1FE2005BEDAD /* Frameworks */ = {
			isa = PBXFrameworksBuildPhase;
			buildActionMask = 2147483647;
			files = (
				CA6BE6C1865005C24B9FDDFC /* Pods_MapApp.framework in Frameworks */,
			);
			runOnlyForDeploymentPostprocessing = 0;
		};
		2AF78BA8235B1FE3005BEDAD /* Frameworks */ = {
			isa = PBXFrameworksBuildPhase;
			buildActionMask = 2147483647;
			files = (
			);
			runOnlyForDeploymentPostprocessing = 0;
		};
		2AF78BB3235B1FE3005BEDAD /* Frameworks */ = {
			isa = PBXFrameworksBuildPhase;
			buildActionMask = 2147483647;
			files = (
			);
			runOnlyForDeploymentPostprocessing = 0;
		};
/* End PBXFrameworksBuildPhase section */

/* Begin PBXGroup section */
		2A0411EE23894272006FB17E /* Dave-Diamonds-Assests */ = {
			isa = PBXGroup;
			children = (
				2A0411EF23894272006FB17E /* diamond-static@3x.png */,
				2A0411F023894272006FB17E /* feather-static@3x.png */,
				2A0411F123894272006FB17E /* feather-static.png */,
				2A0411F223894272006FB17E /* feather-static@2x.png */,
				2A0411F323894272006FB17E /* diamond-static@2x.png */,
				2A0411F423894272006FB17E /* diamond-static.png */,
				2A0411F523894272006FB17E /* butterfly-static@3x.png */,
				2A0411F623894272006FB17E /* butterfly-static@2x.png */,
				2A0411F723894272006FB17E /* butterfly-static.png */,
			);
			path = "Dave-Diamonds-Assests";
			sourceTree = "<group>";
		};
		2AF78B8E235B1FE2005BEDAD = {
			isa = PBXGroup;
			children = (
				2AF78B99235B1FE2005BEDAD /* MapApp */,
				2AF78BAE235B1FE3005BEDAD /* MapAppTests */,
				2AF78BB9235B1FE3005BEDAD /* MapAppUITests */,
				2AF78B98235B1FE2005BEDAD /* Products */,
				C009A4263A6F1D351FF876CD /* Pods */,
				F50611262256E8555C899240 /* Frameworks */,
			);
			sourceTree = "<group>";
		};
		2AF78B98235B1FE2005BEDAD /* Products */ = {
			isa = PBXGroup;
			children = (
				2AF78B97235B1FE2005BEDAD /* MapApp.app */,
				2AF78BAB235B1FE3005BEDAD /* MapAppTests.xctest */,
				2AF78BB6235B1FE3005BEDAD /* MapAppUITests.xctest */,
			);
			name = Products;
			sourceTree = "<group>";
		};
		2AF78B99235B1FE2005BEDAD /* MapApp */ = {
			isa = PBXGroup;
			children = (
				2AF78B9A235B1FE2005BEDAD /* AppDelegate.swift */,
				2AF78B9C235B1FE2005BEDAD /* ViewController.swift */,
				2AF78B9E235B1FE2005BEDAD /* Main.storyboard */,
				2A0411EE23894272006FB17E /* Dave-Diamonds-Assests */,
				2AF78BA1235B1FE3005BEDAD /* Assets.xcassets */,
				2AF78BA3235B1FE3005BEDAD /* LaunchScreen.storyboard */,
				2AF78BA6235B1FE3005BEDAD /* Info.plist */,
			);
			path = MapApp;
			sourceTree = "<group>";
		};
		2AF78BAE235B1FE3005BEDAD /* MapAppTests */ = {
			isa = PBXGroup;
			children = (
				2AF78BAF235B1FE3005BEDAD /* MapAppTests.swift */,
				2AF78BB1235B1FE3005BEDAD /* Info.plist */,
			);
			path = MapAppTests;
			sourceTree = "<group>";
		};
		2AF78BB9235B1FE3005BEDAD /* MapAppUITests */ = {
			isa = PBXGroup;
			children = (
				2AF78BBA235B1FE3005BEDAD /* MapAppUITests.swift */,
				2AF78BBC235B1FE3005BEDAD /* Info.plist */,
			);
			path = MapAppUITests;
			sourceTree = "<group>";
		};
		C009A4263A6F1D351FF876CD /* Pods */ = {
			isa = PBXGroup;
			children = (
				FE1B44BEC54F6E45B0D91FDE /* Pods-MapApp.debug.xcconfig */,
				64DCA2AEAA1F83968D18010F /* Pods-MapApp.release.xcconfig */,
			);
			name = Pods;
			sourceTree = "<group>";
		};
		F50611262256E8555C899240 /* Frameworks */ = {
			isa = PBXGroup;
			children = (
				9D07394DE07A2F503AD775C5 /* Pods_MapApp.framework */,
			);
			name = Frameworks;
			sourceTree = "<group>";
		};
/* End PBXGroup section */

/* Begin PBXNativeTarget section */
		2AF78B96235B1FE2005BEDAD /* MapApp */ = {
			isa = PBXNativeTarget;
			buildConfigurationList = 2AF78BBF235B1FE3005BEDAD /* Build configuration list for PBXNativeTarget "MapApp" */;
			buildPhases = (
				5763C20672235EEF188636AC /* [CP] Check Pods Manifest.lock */,
				2AF78B93235B1FE2005BEDAD /* Sources */,
				2AF78B94235B1FE2005BEDAD /* Frameworks */,
				2AF78B95235B1FE2005BEDAD /* Resources */,
				0BC2001C23BE62AD02B45B04 /* [CP] Embed Pods Frameworks */,
				7F6EBE7D250461E15E89405C /* [CP] Copy Pods Resources */,
			);
			buildRules = (
			);
			dependencies = (
			);
			name = MapApp;
			productName = MapApp;
			productReference = 2AF78B97235B1FE2005BEDAD /* MapApp.app */;
			productType = "com.apple.product-type.application";
		};
		2AF78BAA235B1FE3005BEDAD /* MapAppTests */ = {
			isa = PBXNativeTarget;
			buildConfigurationList = 2AF78BC2235B1FE3005BEDAD /* Build configuration list for PBXNativeTarget "MapAppTests" */;
			buildPhases = (
				2AF78BA7235B1FE3005BEDAD /* Sources */,
				2AF78BA8235B1FE3005BEDAD /* Frameworks */,
				2AF78BA9235B1FE3005BEDAD /* Resources */,
			);
			buildRules = (
			);
			dependencies = (
				2AF78BAD235B1FE3005BEDAD /* PBXTargetDependency */,
			);
			name = MapAppTests;
			productName = MapAppTests;
			productReference = 2AF78BAB235B1FE3005BEDAD /* MapAppTests.xctest */;
			productType = "com.apple.product-type.bundle.unit-test";
		};
		2AF78BB5235B1FE3005BEDAD /* MapAppUITests */ = {
			isa = PBXNativeTarget;
			buildConfigurationList = 2AF78BC5235B1FE3005BEDAD /* Build configuration list for PBXNativeTarget "MapAppUITests" */;
			buildPhases = (
				2AF78BB2235B1FE3005BEDAD /* Sources */,
				2AF78BB3235B1FE3005BEDAD /* Frameworks */,
				2AF78BB4235B1FE3005BEDAD /* Resources */,
			);
			buildRules = (
			);
			dependencies = (
				2AF78BB8235B1FE3005BEDAD /* PBXTargetDependency */,
			);
			name = MapAppUITests;
			productName = MapAppUITests;
			productReference = 2AF78BB6235B1FE3005BEDAD /* MapAppUITests.xctest */;
			productType = "com.apple.product-type.bundle.ui-testing";
		};
/* End PBXNativeTarget section */

/* Begin PBXProject section */
		2AF78B8F235B1FE2005BEDAD /* Project object */ = {
			isa = PBXProject;
			attributes = {
				LastSwiftUpdateCheck = 1030;
				LastUpgradeCheck = 1030;
				ORGANIZATIONNAME = Ryo;
				TargetAttributes = {
					2AF78B96235B1FE2005BEDAD = {
						CreatedOnToolsVersion = 10.3;
					};
					2AF78BAA235B1FE3005BEDAD = {
						CreatedOnToolsVersion = 10.3;
						TestTargetID = 2AF78B96235B1FE2005BEDAD;
					};
					2AF78BB5235B1FE3005BEDAD = {
						CreatedOnToolsVersion = 10.3;
						TestTargetID = 2AF78B96235B1FE2005BEDAD;
					};
				};
			};
			buildConfigurationList = 2AF78B92235B1FE2005BEDAD /* Build configuration list for PBXProject "MapApp" */;
			compatibilityVersion = "Xcode 9.3";
			developmentRegion = en;
			hasScannedForEncodings = 0;
			knownRegions = (
				en,
				Base,
			);
			mainGroup = 2AF78B8E235B1FE2005BEDAD;
			productRefGroup = 2AF78B98235B1FE2005BEDAD /* Products */;
			projectDirPath = "";
			projectRoot = "";
			targets = (
				2AF78B96235B1FE2005BEDAD /* MapApp */,
				2AF78BAA235B1FE3005BEDAD /* MapAppTests */,
				2AF78BB5235B1FE3005BEDAD /* MapAppUITests */,
			);
		};
/* End PBXProject section */

/* Begin PBXResourcesBuildPhase section */
		2AF78B95235B1FE2005BEDAD /* Resources */ = {
			isa = PBXResourcesBuildPhase;
			buildActionMask = 2147483647;
			files = (
				2A0411F823894272006FB17E /* diamond-static@3x.png in Resources */,
				2A0411FD23894272006FB17E /* diamond-static.png in Resources */,
				2A0411FA23894272006FB17E /* feather-static.png in Resources */,
				2A0411FB23894272006FB17E /* feather-static@2x.png in Resources */,
				2A0411FC23894272006FB17E /* diamond-static@2x.png in Resources */,
				2A04120023894272006FB17E /* butterfly-static.png in Resources */,
				2A0411FE23894272006FB17E /* butterfly-static@3x.png in Resources */,
				2A0411F923894272006FB17E /* feather-static@3x.png in Resources */,
				2AF78BA5235B1FE3005BEDAD /* LaunchScreen.storyboard in Resources */,
				2AF78BA2235B1FE3005BEDAD /* Assets.xcassets in Resources */,
				2AF78BA0235B1FE2005BEDAD /* Main.storyboard in Resources */,
				2A0411FF23894272006FB17E /* butterfly-static@2x.png in Resources */,
			);
			runOnlyForDeploymentPostprocessing = 0;
		};
		2AF78BA9235B1FE3005BEDAD /* Resources */ = {
			isa = PBXResourcesBuildPhase;
			buildActionMask = 2147483647;
			files = (
			);
			runOnlyForDeploymentPostprocessing = 0;
		};
		2AF78BB4235B1FE3005BEDAD /* Resources */ = {
			isa = PBXResourcesBuildPhase;
			buildActionMask = 2147483647;
			files = (
			);
			runOnlyForDeploymentPostprocessing = 0;
		};
/* End PBXResourcesBuildPhase section */

/* Begin PBXShellScriptBuildPhase section */
		0BC2001C23BE62AD02B45B04 /* [CP] Embed Pods Frameworks */ = {
			isa = PBXShellScriptBuildPhase;
			buildActionMask = 2147483647;
			files = (
			);
			inputFileListPaths = (
			);
			inputPaths = (
				"${SRCROOT}/Pods/Target Support Files/Pods-MapApp/Pods-MapApp-frameworks.sh",
				"${BUILT_PRODUCTS_DIR}/DynamicBlurView/DynamicBlurView.framework",
				"${BUILT_PRODUCTS_DIR}/PopupDialog/PopupDialog.framework",
				"${BUILT_PRODUCTS_DIR}/TPKeyboardAvoiding/TPKeyboardAvoiding.framework",
			);
			name = "[CP] Embed Pods Frameworks";
			outputFileListPaths = (
			);
			outputPaths = (
				"${TARGET_BUILD_DIR}/${FRAMEWORKS_FOLDER_PATH}/DynamicBlurView.framework",
				"${TARGET_BUILD_DIR}/${FRAMEWORKS_FOLDER_PATH}/PopupDialog.framework",
				"${TARGET_BUILD_DIR}/${FRAMEWORKS_FOLDER_PATH}/TPKeyboardAvoiding.framework",
			);
			runOnlyForDeploymentPostprocessing = 0;
			shellPath = /bin/sh;
			shellScript = "\"${SRCROOT}/Pods/Target Support Files/Pods-MapApp/Pods-MapApp-frameworks.sh\"\n";
			showEnvVarsInLog = 0;
		};
		5763C20672235EEF188636AC /* [CP] Check Pods Manifest.lock */ = {
			isa = PBXShellScriptBuildPhase;
			buildActionMask = 2147483647;
			files = (
			);
			inputFileListPaths = (
			);
			inputPaths = (
				"${PODS_PODFILE_DIR_PATH}/Podfile.lock",
				"${PODS_ROOT}/Manifest.lock",
			);
			name = "[CP] Check Pods Manifest.lock";
			outputFileListPaths = (
			);
			outputPaths = (
				"$(DERIVED_FILE_DIR)/Pods-MapApp-checkManifestLockResult.txt",
			);
			runOnlyForDeploymentPostprocessing = 0;
			shellPath = /bin/sh;
			shellScript = "diff \"${PODS_PODFILE_DIR_PATH}/Podfile.lock\" \"${PODS_ROOT}/Manifest.lock\" > /dev/null\nif [ $? != 0 ] ; then\n    # print error to STDERR\n    echo \"error: The sandbox is not in sync with the Podfile.lock. Run 'pod install' or update your CocoaPods installation.\" >&2\n    exit 1\nfi\n# This output is used by Xcode 'outputs' to avoid re-running this script phase.\necho \"SUCCESS\" > \"${SCRIPT_OUTPUT_FILE_0}\"\n";
			showEnvVarsInLog = 0;
		};
		7F6EBE7D250461E15E89405C /* [CP] Copy Pods Resources */ = {
			isa = PBXShellScriptBuildPhase;
			buildActionMask = 2147483647;
			files = (
			);
			inputFileListPaths = (
			);
			inputPaths = (
				"${SRCROOT}/Pods/Target Support Files/Pods-MapApp/Pods-MapApp-resources.sh",
				"${PODS_ROOT}/GoogleMaps/Maps/Frameworks/GoogleMaps.framework/Resources/GoogleMaps.bundle",
			);
			name = "[CP] Copy Pods Resources";
			outputFileListPaths = (
			);
			outputPaths = (
				"${TARGET_BUILD_DIR}/${UNLOCALIZED_RESOURCES_FOLDER_PATH}/GoogleMaps.bundle",
			);
			runOnlyForDeploymentPostprocessing = 0;
			shellPath = /bin/sh;
			shellScript = "\"${SRCROOT}/Pods/Target Support Files/Pods-MapApp/Pods-MapApp-resources.sh\"\n";
			showEnvVarsInLog = 0;
		};
/* End PBXShellScriptBuildPhase section */

/* Begin PBXSourcesBuildPhase section */
		2AF78B93235B1FE2005BEDAD /* Sources */ = {
			isa = PBXSourcesBuildPhase;
			buildActionMask = 2147483647;
			files = (
				2AF78B9D235B1FE2005BEDAD /* ViewController.swift in Sources */,
				2AF78B9B235B1FE2005BEDAD /* AppDelegate.swift in Sources */,
			);
			runOnlyForDeploymentPostprocessing = 0;
		};
		2AF78BA7235B1FE3005BEDAD /* Sources */ = {
			isa = PBXSourcesBuildPhase;
			buildActionMask = 2147483647;
			files = (
				2AF78BB0235B1FE3005BEDAD /* MapAppTests.swift in Sources */,
			);
			runOnlyForDeploymentPostprocessing = 0;
		};
		2AF78BB2235B1FE3005BEDAD /* Sources */ = {
			isa = PBXSourcesBuildPhase;
			buildActionMask = 2147483647;
			files = (
				2AF78BBB235B1FE3005BEDAD /* MapAppUITests.swift in Sources */,
			);
			runOnlyForDeploymentPostprocessing = 0;
		};
/* End PBXSourcesBuildPhase section */

/* Begin PBXTargetDependency section */
		2AF78BAD235B1FE3005BEDAD /* PBXTargetDependency */ = {
			isa = PBXTargetDependency;
			target = 2AF78B96235B1FE2005BEDAD /* MapApp */;
			targetProxy = 2AF78BAC235B1FE3005BEDAD /* PBXContainerItemProxy */;
		};
		2AF78BB8235B1FE3005BEDAD /* PBXTargetDependency */ = {
			isa = PBXTargetDependency;
			target = 2AF78B96235B1FE2005BEDAD /* MapApp */;
			targetProxy = 2AF78BB7235B1FE3005BEDAD /* PBXContainerItemProxy */;
		};
/* End PBXTargetDependency section */

/* Begin PBXVariantGroup section */
		2AF78B9E235B1FE2005BEDAD /* Main.storyboard */ = {
			isa = PBXVariantGroup;
			children = (
				2AF78B9F235B1FE2005BEDAD /* Base */,
			);
			name = Main.storyboard;
			sourceTree = "<group>";
		};
		2AF78BA3235B1FE3005BEDAD /* LaunchScreen.storyboard */ = {
			isa = PBXVariantGroup;
			children = (
				2AF78BA4235B1FE3005BEDAD /* Base */,
			);
			name = LaunchScreen.storyboard;
			sourceTree = "<group>";
		};
/* End PBXVariantGroup section */

/* Begin XCBuildConfiguration section */
		2AF78BBD235B1FE3005BEDAD /* Debug */ = {
			isa = XCBuildConfiguration;
			buildSettings = {
				ALWAYS_SEARCH_USER_PATHS = NO;
				CLANG_ANALYZER_NONNULL = YES;
				CLANG_ANALYZER_NUMBER_OBJECT_CONVERSION = YES_AGGRESSIVE;
				CLANG_CXX_LANGUAGE_STANDARD = "gnu++14";
				CLANG_CXX_LIBRARY = "libc++";
				CLANG_ENABLE_MODULES = YES;
				CLANG_ENABLE_OBJC_ARC = YES;
				CLANG_ENABLE_OBJC_WEAK = YES;
				CLANG_WARN_BLOCK_CAPTURE_AUTORELEASING = YES;
				CLANG_WARN_BOOL_CONVERSION = YES;
				CLANG_WARN_COMMA = YES;
				CLANG_WARN_CONSTANT_CONVERSION = YES;
				CLANG_WARN_DEPRECATED_OBJC_IMPLEMENTATIONS = YES;
				CLANG_WARN_DIRECT_OBJC_ISA_USAGE = YES_ERROR;
				CLANG_WARN_DOCUMENTATION_COMMENTS = YES;
				CLANG_WARN_EMPTY_BODY = YES;
				CLANG_WARN_ENUM_CONVERSION = YES;
				CLANG_WARN_INFINITE_RECURSION = YES;
				CLANG_WARN_INT_CONVERSION = YES;
				CLANG_WARN_NON_LITERAL_NULL_CONVERSION = YES;
				CLANG_WARN_OBJC_IMPLICIT_RETAIN_SELF = YES;
				CLANG_WARN_OBJC_LITERAL_CONVERSION = YES;
				CLANG_WARN_OBJC_ROOT_CLASS = YES_ERROR;
				CLANG_WARN_RANGE_LOOP_ANALYSIS = YES;
				CLANG_WARN_STRICT_PROTOTYPES = YES;
				CLANG_WARN_SUSPICIOUS_MOVE = YES;
				CLANG_WARN_UNGUARDED_AVAILABILITY = YES_AGGRESSIVE;
				CLANG_WARN_UNREACHABLE_CODE = YES;
				CLANG_WARN__DUPLICATE_METHOD_MATCH = YES;
				CODE_SIGN_IDENTITY = "iPhone Developer";
				COPY_PHASE_STRIP = NO;
				DEBUG_INFORMATION_FORMAT = dwarf;
				ENABLE_STRICT_OBJC_MSGSEND = YES;
				ENABLE_TESTABILITY = YES;
				GCC_C_LANGUAGE_STANDARD = gnu11;
				GCC_DYNAMIC_NO_PIC = NO;
				GCC_NO_COMMON_BLOCKS = YES;
				GCC_OPTIMIZATION_LEVEL = 0;
				GCC_PREPROCESSOR_DEFINITIONS = (
					"DEBUG=1",
					"$(inherited)",
				);
				GCC_WARN_64_TO_32_BIT_CONVERSION = YES;
				GCC_WARN_ABOUT_RETURN_TYPE = YES_ERROR;
				GCC_WARN_UNDECLARED_SELECTOR = YES;
				GCC_WARN_UNINITIALIZED_AUTOS = YES_AGGRESSIVE;
				GCC_WARN_UNUSED_FUNCTION = YES;
				GCC_WARN_UNUSED_VARIABLE = YES;
				IPHONEOS_DEPLOYMENT_TARGET = 12.4;
				MTL_ENABLE_DEBUG_INFO = INCLUDE_SOURCE;
				MTL_FAST_MATH = YES;
				ONLY_ACTIVE_ARCH = YES;
				SDKROOT = iphoneos;
				SWIFT_ACTIVE_COMPILATION_CONDITIONS = DEBUG;
				SWIFT_OPTIMIZATION_LEVEL = "-Onone";
			};
			name = Debug;
		};
		2AF78BBE235B1FE3005BEDAD /* Release */ = {
			isa = XCBuildConfiguration;
			buildSettings = {
				ALWAYS_SEARCH_USER_PATHS = NO;
				CLANG_ANALYZER_NONNULL = YES;
				CLANG_ANALYZER_NUMBER_OBJECT_CONVERSION = YES_AGGRESSIVE;
				CLANG_CXX_LANGUAGE_STANDARD = "gnu++14";
				CLANG_CXX_LIBRARY = "libc++";
				CLANG_ENABLE_MODULES = YES;
				CLANG_ENABLE_OBJC_ARC = YES;
				CLANG_ENABLE_OBJC_WEAK = YES;
				CLANG_WARN_BLOCK_CAPTURE_AUTORELEASING = YES;
				CLANG_WARN_BOOL_CONVERSION = YES;
				CLANG_WARN_COMMA = YES;
				CLANG_WARN_CONSTANT_CONVERSION = YES;
				CLANG_WARN_DEPRECATED_OBJC_IMPLEMENTATIONS = YES;
				CLANG_WARN_DIRECT_OBJC_ISA_USAGE = YES_ERROR;
				CLANG_WARN_DOCUMENTATION_COMMENTS = YES;
				CLANG_WARN_EMPTY_BODY = YES;
				CLANG_WARN_ENUM_CONVERSION = YES;
				CLANG_WARN_INFINITE_RECURSION = YES;
				CLANG_WARN_INT_CONVERSION = YES;
				CLANG_WARN_NON_LITERAL_NULL_CONVERSION = YES;
				CLANG_WARN_OBJC_IMPLICIT_RETAIN_SELF = YES;
				CLANG_WARN_OBJC_LITERAL_CONVERSION = YES;
				CLANG_WARN_OBJC_ROOT_CLASS = YES_ERROR;
				CLANG_WARN_RANGE_LOOP_ANALYSIS = YES;
				CLANG_WARN_STRICT_PROTOTYPES = YES;
				CLANG_WARN_SUSPICIOUS_MOVE = YES;
				CLANG_WARN_UNGUARDED_AVAILABILITY = YES_AGGRESSIVE;
				CLANG_WARN_UNREACHABLE_CODE = YES;
				CLANG_WARN__DUPLICATE_METHOD_MATCH = YES;
				CODE_SIGN_IDENTITY = "iPhone Developer";
				COPY_PHASE_STRIP = NO;
				DEBUG_INFORMATION_FORMAT = "dwarf-with-dsym";
				ENABLE_NS_ASSERTIONS = NO;
				ENABLE_STRICT_OBJC_MSGSEND = YES;
				GCC_C_LANGUAGE_STANDARD = gnu11;
				GCC_NO_COMMON_BLOCKS = YES;
				GCC_WARN_64_TO_32_BIT_CONVERSION = YES;
				GCC_WARN_ABOUT_RETURN_TYPE = YES_ERROR;
				GCC_WARN_UNDECLARED_SELECTOR = YES;
				GCC_WARN_UNINITIALIZED_AUTOS = YES_AGGRESSIVE;
				GCC_WARN_UNUSED_FUNCTION = YES;
				GCC_WARN_UNUSED_VARIABLE = YES;
				IPHONEOS_DEPLOYMENT_TARGET = 12.4;
				MTL_ENABLE_DEBUG_INFO = NO;
				MTL_FAST_MATH = YES;
				SDKROOT = iphoneos;
				SWIFT_COMPILATION_MODE = wholemodule;
				SWIFT_OPTIMIZATION_LEVEL = "-O";
				VALIDATE_PRODUCT = YES;
			};
			name = Release;
		};
		2AF78BC0235B1FE3005BEDAD /* Debug */ = {
			isa = XCBuildConfiguration;
			baseConfigurationReference = FE1B44BEC54F6E45B0D91FDE /* Pods-MapApp.debug.xcconfig */;
			buildSettings = {
				ASSETCATALOG_COMPILER_APPICON_NAME = AppIcon;
				CODE_SIGN_STYLE = Automatic;
				INFOPLIST_FILE = MapApp/Info.plist;
				LD_RUNPATH_SEARCH_PATHS = (
					"$(inherited)",
					"@executable_path/Frameworks",
				);
				PRODUCT_BUNDLE_IDENTIFIER = com.litech.MapApp;
				PRODUCT_NAME = "$(TARGET_NAME)";
				SWIFT_VERSION = 5.0;
				TARGETED_DEVICE_FAMILY = "1,2";
			};
			name = Debug;
		};
		2AF78BC1235B1FE3005BEDAD /* Release */ = {
			isa = XCBuildConfiguration;
			baseConfigurationReference = 64DCA2AEAA1F83968D18010F /* Pods-MapApp.release.xcconfig */;
			buildSettings = {
				ASSETCATALOG_COMPILER_APPICON_NAME = AppIcon;
				CODE_SIGN_STYLE = Automatic;
				INFOPLIST_FILE = MapApp/Info.plist;
				LD_RUNPATH_SEARCH_PATHS = (
					"$(inherited)",
					"@executable_path/Frameworks",
				);
				PRODUCT_BUNDLE_IDENTIFIER = com.litech.MapApp;
				PRODUCT_NAME = "$(TARGET_NAME)";
				SWIFT_VERSION = 5.0;
				TARGETED_DEVICE_FAMILY = "1,2";
			};
			name = Release;
		};
		2AF78BC3235B1FE3005BEDAD /* Debug */ = {
			isa = XCBuildConfiguration;
			buildSettings = {
				ALWAYS_EMBED_SWIFT_STANDARD_LIBRARIES = YES;
				BUNDLE_LOADER = "$(TEST_HOST)";
				CODE_SIGN_STYLE = Automatic;
				INFOPLIST_FILE = MapAppTests/Info.plist;
				LD_RUNPATH_SEARCH_PATHS = (
					"$(inherited)",
					"@executable_path/Frameworks",
					"@loader_path/Frameworks",
				);
				PRODUCT_BUNDLE_IDENTIFIER = com.litech.MapAppTests;
				PRODUCT_NAME = "$(TARGET_NAME)";
				SWIFT_VERSION = 5.0;
				TARGETED_DEVICE_FAMILY = "1,2";
				TEST_HOST = "$(BUILT_PRODUCTS_DIR)/MapApp.app/MapApp";
			};
			name = Debug;
		};
		2AF78BC4235B1FE3005BEDAD /* Release */ = {
			isa = XCBuildConfiguration;
			buildSettings = {
				ALWAYS_EMBED_SWIFT_STANDARD_LIBRARIES = YES;
				BUNDLE_LOADER = "$(TEST_HOST)";
				CODE_SIGN_STYLE = Automatic;
				INFOPLIST_FILE = MapAppTests/Info.plist;
				LD_RUNPATH_SEARCH_PATHS = (
					"$(inherited)",
					"@executable_path/Frameworks",
					"@loader_path/Frameworks",
				);
				PRODUCT_BUNDLE_IDENTIFIER = com.litech.MapAppTests;
				PRODUCT_NAME = "$(TARGET_NAME)";
				SWIFT_VERSION = 5.0;
				TARGETED_DEVICE_FAMILY = "1,2";
				TEST_HOST = "$(BUILT_PRODUCTS_DIR)/MapApp.app/MapApp";
			};
			name = Release;
		};
		2AF78BC6235B1FE3005BEDAD /* Debug */ = {
			isa = XCBuildConfiguration;
			buildSettings = {
				ALWAYS_EMBED_SWIFT_STANDARD_LIBRARIES = YES;
				CODE_SIGN_STYLE = Automatic;
				INFOPLIST_FILE = MapAppUITests/Info.plist;
				LD_RUNPATH_SEARCH_PATHS = (
					"$(inherited)",
					"@executable_path/Frameworks",
					"@loader_path/Frameworks",
				);
				PRODUCT_BUNDLE_IDENTIFIER = com.litech.MapAppUITests;
				PRODUCT_NAME = "$(TARGET_NAME)";
				SWIFT_VERSION = 5.0;
				TARGETED_DEVICE_FAMILY = "1,2";
				TEST_TARGET_NAME = MapApp;
			};
			name = Debug;
		};
		2AF78BC7235B1FE3005BEDAD /* Release */ = {
			isa = XCBuildConfiguration;
			buildSettings = {
				ALWAYS_EMBED_SWIFT_STANDARD_LIBRARIES = YES;
				CODE_SIGN_STYLE = Automatic;
				INFOPLIST_FILE = MapAppUITests/Info.plist;
				LD_RUNPATH_SEARCH_PATHS = (
					"$(inherited)",
					"@executable_path/Frameworks",
					"@loader_path/Frameworks",
				);
				PRODUCT_BUNDLE_IDENTIFIER = com.litech.MapAppUITests;
				PRODUCT_NAME = "$(TARGET_NAME)";
				SWIFT_VERSION = 5.0;
				TARGETED_DEVICE_FAMILY = "1,2";
				TEST_TARGET_NAME = MapApp;
			};
			name = Release;
		};
/* End XCBuildConfiguration section */

/* Begin XCConfigurationList section */
		2AF78B92235B1FE2005BEDAD /* Build configuration list for PBXProject "MapApp" */ = {
			isa = XCConfigurationList;
			buildConfigurations = (
				2AF78BBD235B1FE3005BEDAD /* Debug */,
				2AF78BBE235B1FE3005BEDAD /* Release */,
			);
			defaultConfigurationIsVisible = 0;
			defaultConfigurationName = Release;
		};
		2AF78BBF235B1FE3005BEDAD /* Build configuration list for PBXNativeTarget "MapApp" */ = {
			isa = XCConfigurationList;
			buildConfigurations = (
				2AF78BC0235B1FE3005BEDAD /* Debug */,
				2AF78BC1235B1FE3005BEDAD /* Release */,
			);
			defaultConfigurationIsVisible = 0;
			defaultConfigurationName = Release;
		};
		2AF78BC2235B1FE3005BEDAD /* Build configuration list for PBXNativeTarget "MapAppTests" */ = {
			isa = XCConfigurationList;
			buildConfigurations = (
				2AF78BC3235B1FE3005BEDAD /* Debug */,
				2AF78BC4235B1FE3005BEDAD /* Release */,
			);
			defaultConfigurationIsVisible = 0;
			defaultConfigurationName = Release;
		};
		2AF78BC5235B1FE3005BEDAD /* Build configuration list for PBXNativeTarget "MapAppUITests" */ = {
			isa = XCConfigurationList;
			buildConfigurations = (
				2AF78BC6235B1FE3005BEDAD /* Debug */,
				2AF78BC7235B1FE3005BEDAD /* Release */,
			);
			defaultConfigurationIsVisible = 0;
			defaultConfigurationName = Release;
		};
/* End XCConfigurationList section */
	};
	rootObject = 2AF78B8F235B1FE2005BEDAD /* Project object */;
}
